
Microsoft Visual Studio Solution File, Format Version 12.00
# Visual Studio Version 16
VisualStudioVersion = 25.0.1700.0
MinimumVisualStudioVersion = 10.0.40219.1
Project("{FAE04EC0-301F-11D3-BF4B-00C04F79EFBC}") = "BankAccountManager", "BankAccountManager.csproj", "{072A55C4-3F17-4DED-8F23-AF37C89B4218}"
EndProject
Global
	GlobalSection(SolutionConfigurationPlatforms) = preSolution
		Debug|Any CPU = Debug|Any CPU
		Release|Any CPU = Release|Any CPU
	EndGlobalSection
	GlobalSection(ProjectConfigurationPlatforms) = postSolution
		{072A55C4-3F17-4DED-8F23-AF37C89B4218}.Debug|Any CPU.ActiveCfg = Debug|Any CPU
		{072A55C4-3F17-4DED-8F23-AF37C89B4218}.Debug|Any CPU.Build.0 = Debug|Any CPU
		{072A55C4-3F17-4DED-8F23-AF37C89B4218}.Release|Any CPU.ActiveCfg = Release|Any CPU
		{072A55C4-3F17-4DED-8F23-AF37C89B4218}.Release|Any CPU.Build.0 = Release|Any CPU
	EndGlobalSection
	GlobalSection(SolutionProperties) = preSolution
		HideSolutionNode = FALSE
	EndGlobalSection
	GlobalSection(ExtensibilityGlobals) = postSolution
		SolutionGuid = {0D3DFF98-80FC-4C2A-922F-CE3353E4F4FD}
	EndGlobalSection
EndGlobal
